PODS:
  - Rover (0.30.7):
    - Rover/Core (= 0.30.7)
    - Rover/Model (= 0.30.7)
    - Rover/Networking (= 0.30.7)
    - Rover/UI (= 0.30.7)
    - RSBarcodes (~> 0.1)
    - UIActivityIndicator-for-SDWebImage (~> 1.2)
  - Rover/Core (0.30.7):
    - Rover/Model
    - RSBarcodes (~> 0.1)
    - UIActivityIndicator-for-SDWebImage (~> 1.2)
  - Rover/Model (0.30.7):
    - RSBarcodes (~> 0.1)
    - UIActivityIndicator-for-SDWebImage (~> 1.2)
  - Rover/Networking (0.30.7):
    - Rover/Model
    - RSBarcodes (~> 0.1)
    - UIActivityIndicator-for-SDWebImage (~> 1.2)
  - Rover/UI (0.30.7):
    - Rover/Model
    - RSBarcodes (~> 0.1)
    - UIActivityIndicator-for-SDWebImage (~> 1.2)
  - RSBarcodes (0.1)
  - SDWebImage (3.7.2):
    - SDWebImage/Core (= 3.7.2)
  - SDWebImage/Core (3.7.2)
  - UIActivityIndicator-for-SDWebImage (1.2):
    - SDWebImage (~> 3.7)

DEPENDENCIES:
  - Rover (from `../`)

EXTERNAL SOURCES:
  Rover:
    :path: "../"

SPEC CHECKSUMS:
  Rover: 20eabecac72f0b234d154bac8ab75d975517d6dd
  RSBarcodes: 96ad32377a0142aa9dcc547cbc60b8e9bb20b2fb
  SDWebImage: 71b7cdc1d1721d6a82ed62889030225f2c249e29
  UIActivityIndicator-for-SDWebImage: 7bf7ebbf0ed1747dedc0d6e949c4603a6d0f9e0c

COCOAPODS: 0.36.3
